
Microsoft Visual Studio Solution File, Format Version 12.00
# Visual Studio 2013
VisualStudioVersion = 12.0.31101.0
MinimumVisualStudioVersion = 10.0.40219.1
Project("{FAE04EC0-301F-11D3-BF4B-00C04F79EFBC}") = "GirlsAgency.Model", "GirlsAgency.Model\GirlsAgency.Model.csproj", "{E77040E3-2394-46B8-983F-D5F9CB7D65F4}"
EndProject
Project("{FAE04EC0-301F-11D3-BF4B-00C04F79EFBC}") = "GirlsAgency.Data", "GirlsAgency.Data\GirlsAgency.Data.csproj", "{C2EBA475-234A-4B0B-A22C-169933D2D20A}"
EndProject
Project("{FAE04EC0-301F-11D3-BF4B-00C04F79EFBC}") = "GirlsAgency.ConsoleClient", "GirlsAgencyConsoleClient\GirlsAgency.ConsoleClient.csproj", "{D6997B06-042E-4867-B971-741362DFB3BB}"
EndProject
Project("{FAE04EC0-301F-11D3-BF4B-00C04F79EFBC}") = "GirlsAgencyOracle.Data", "GirlsAgencyOracle.Data\GirlsAgencyOracle.Data.csproj", "{175A15E7-0868-4605-8DAA-2BB1E67380FA}"
EndProject
Project("{FAE04EC0-301F-11D3-BF4B-00C04F79EFBC}") = "GirlsAgency.Repository", "GirlsAgency.Repository\GirlsAgency.Repository.csproj", "{279CF670-8006-4031-B9DF-E960BFF0E5E8}"
EndProject
Project("{FAE04EC0-301F-11D3-BF4B-00C04F79EFBC}") = "GirlsAgency.UserInterface", "GirlsAgency.UserInterface\GirlsAgency.UserInterface.csproj", "{FD0CF0D7-2991-40B2-95F9-9B8B85A6EA67}"
EndProject
Project("{FAE04EC0-301F-11D3-BF4B-00C04F79EFBC}") = "GirlsAgency.MySQL.Data", "GirlsAgency.MySQL.Data\GirlsAgency.MySQL.Data.csproj", "{01448038-820F-4B21-B0F8-E199C0F97167}"
EndProject
Project("{FAE04EC0-301F-11D3-BF4B-00C04F79EFBC}") = "GirlsAgency.UI", "GirlsAgency.UI\GirlsAgency.UI.csproj", "{89757214-684C-4DC1-AF1C-64FD6826AA85}"
EndProject
Global
	GlobalSection(SolutionConfigurationPlatforms) = preSolution
		Debug|Any CPU = Debug|Any CPU
		Release|Any CPU = Release|Any CPU
	EndGlobalSection
	GlobalSection(ProjectConfigurationPlatforms) = postSolution
		{E77040E3-2394-46B8-983F-D5F9CB7D65F4}.Debug|Any CPU.ActiveCfg = Debug|Any CPU
		{E77040E3-2394-46B8-983F-D5F9CB7D65F4}.Debug|Any CPU.Build.0 = Debug|Any CPU
		{E77040E3-2394-46B8-983F-D5F9CB7D65F4}.Release|Any CPU.ActiveCfg = Release|Any CPU
		{E77040E3-2394-46B8-983F-D5F9CB7D65F4}.Release|Any CPU.Build.0 = Release|Any CPU
		{C2EBA475-234A-4B0B-A22C-169933D2D20A}.Debug|Any CPU.ActiveCfg = Debug|Any CPU
		{C2EBA475-234A-4B0B-A22C-169933D2D20A}.Debug|Any CPU.Build.0 = Debug|Any CPU
		{C2EBA475-234A-4B0B-A22C-169933D2D20A}.Release|Any CPU.ActiveCfg = Release|Any CPU
		{C2EBA475-234A-4B0B-A22C-169933D2D20A}.Release|Any CPU.Build.0 = Release|Any CPU
		{D6997B06-042E-4867-B971-741362DFB3BB}.Debug|Any CPU.ActiveCfg = Debug|Any CPU
		{D6997B06-042E-4867-B971-741362DFB3BB}.Debug|Any CPU.Build.0 = Debug|Any CPU
		{D6997B06-042E-4867-B971-741362DFB3BB}.Release|Any CPU.ActiveCfg = Release|Any CPU
		{D6997B06-042E-4867-B971-741362DFB3BB}.Release|Any CPU.Build.0 = Release|Any CPU
		{175A15E7-0868-4605-8DAA-2BB1E67380FA}.Debug|Any CPU.ActiveCfg = Debug|Any CPU
		{175A15E7-0868-4605-8DAA-2BB1E67380FA}.Debug|Any CPU.Build.0 = Debug|Any CPU
		{175A15E7-0868-4605-8DAA-2BB1E67380FA}.Release|Any CPU.ActiveCfg = Release|Any CPU
		{175A15E7-0868-4605-8DAA-2BB1E67380FA}.Release|Any CPU.Build.0 = Release|Any CPU
		{279CF670-8006-4031-B9DF-E960BFF0E5E8}.Debug|Any CPU.ActiveCfg = Debug|Any CPU
		{279CF670-8006-4031-B9DF-E960BFF0E5E8}.Debug|Any CPU.Build.0 = Debug|Any CPU
		{279CF670-8006-4031-B9DF-E960BFF0E5E8}.Release|Any CPU.ActiveCfg = Release|Any CPU
		{279CF670-8006-4031-B9DF-E960BFF0E5E8}.Release|Any CPU.Build.0 = Release|Any CPU
		{FD0CF0D7-2991-40B2-95F9-9B8B85A6EA67}.Debug|Any CPU.ActiveCfg = Debug|Any CPU
		{FD0CF0D7-2991-40B2-95F9-9B8B85A6EA67}.Debug|Any CPU.Build.0 = Debug|Any CPU
		{FD0CF0D7-2991-40B2-95F9-9B8B85A6EA67}.Release|Any CPU.ActiveCfg = Release|Any CPU
		{FD0CF0D7-2991-40B2-95F9-9B8B85A6EA67}.Release|Any CPU.Build.0 = Release|Any CPU
		{01448038-820F-4B21-B0F8-E199C0F97167}.Debug|Any CPU.ActiveCfg = Debug|Any CPU
		{01448038-820F-4B21-B0F8-E199C0F97167}.Debug|Any CPU.Build.0 = Debug|Any CPU
		{01448038-820F-4B21-B0F8-E199C0F97167}.Release|Any CPU.ActiveCfg = Release|Any CPU
		{01448038-820F-4B21-B0F8-E199C0F97167}.Release|Any CPU.Build.0 = Release|Any CPU
		{89757214-684C-4DC1-AF1C-64FD6826AA85}.Debug|Any CPU.ActiveCfg = Debug|Any CPU
		{89757214-684C-4DC1-AF1C-64FD6826AA85}.Debug|Any CPU.Build.0 = Debug|Any CPU
		{89757214-684C-4DC1-AF1C-64FD6826AA85}.Release|Any CPU.ActiveCfg = Release|Any CPU
		{89757214-684C-4DC1-AF1C-64FD6826AA85}.Release|Any CPU.Build.0 = Release|Any CPU
	EndGlobalSection
	GlobalSection(SolutionProperties) = preSolution
		HideSolutionNode = FALSE
	EndGlobalSection
EndGlobal
